
Microsoft Visual Studio Solution File, Format Version 12.00
# Visual Studio 14
VisualStudioVersion = 14.0.23107.0
MinimumVisualStudioVersion = 10.0.40219.1
Project("{FAE04EC0-301F-11D3-BF4B-00C04F79EFBC}") = "IsValid", "IsValid\IsValid.csproj", "{063D39CB-FB6E-4A00-98DD-531D194C74E6}"
EndProject
Project("{FAE04EC0-301F-11D3-BF4B-00C04F79EFBC}") = "IsValid.Tests", "IsValid.Tests\IsValid.Tests.csproj", "{2357804E-6486-49F3-9234-641D68BE6B9D}"
EndProject
Project("{2150E333-8FDC-42A3-9474-1A3956D46DE8}") = "Files", "Files", "{E97FFC34-D344-412C-A2C5-AC6DD6D13617}"
	ProjectSection(SolutionItems) = preProject
		appveyor.yml = appveyor.yml
		build.cmd = build.cmd
		icon.svg = icon.svg
		LICENCE.md = LICENCE.md
		pre-build.cmd = pre-build.cmd
		README.md = README.md
		x_GitVersionConfig.yaml = x_GitVersionConfig.yaml
	EndProjectSection
EndProject
Global
	GlobalSection(SolutionConfigurationPlatforms) = preSolution
		Debug|Any CPU = Debug|Any CPU
		Release|Any CPU = Release|Any CPU
	EndGlobalSection
	GlobalSection(ProjectConfigurationPlatforms) = postSolution
		{063D39CB-FB6E-4A00-98DD-531D194C74E6}.Debug|Any CPU.ActiveCfg = Debug|Any CPU
		{063D39CB-FB6E-4A00-98DD-531D194C74E6}.Debug|Any CPU.Build.0 = Debug|Any CPU
		{063D39CB-FB6E-4A00-98DD-531D194C74E6}.Release|Any CPU.ActiveCfg = Release|Any CPU
		{063D39CB-FB6E-4A00-98DD-531D194C74E6}.Release|Any CPU.Build.0 = Release|Any CPU
		{2357804E-6486-49F3-9234-641D68BE6B9D}.Debug|Any CPU.ActiveCfg = Debug|Any CPU
		{2357804E-6486-49F3-9234-641D68BE6B9D}.Debug|Any CPU.Build.0 = Debug|Any CPU
		{2357804E-6486-49F3-9234-641D68BE6B9D}.Release|Any CPU.ActiveCfg = Release|Any CPU
		{2357804E-6486-49F3-9234-641D68BE6B9D}.Release|Any CPU.Build.0 = Release|Any CPU
	EndGlobalSection
	GlobalSection(SolutionProperties) = preSolution
		HideSolutionNode = FALSE
	EndGlobalSection
EndGlobal
